
Microsoft Visual Studio Solution File, Format Version 12.00
# Visual Studio Version 16
VisualStudioVersion = 16.0.30225.117
MinimumVisualStudioVersion = 10.0.40219.1
Project("{8BC9CEB8-8B4A-11D0-8D11-00A0C91BC942}") = "001_basic_colors", "001_basic_colors.vcxproj", "{117F3949-51B1-49AB-8FE8-9A96AFA3D0EB}"
EndProject
Global
	GlobalSection(SolutionConfigurationPlatforms) = preSolution
		Debug|x64 = Debug|x64
		Debug|x86 = Debug|x86
		Release|x64 = Release|x64
		Release|x86 = Release|x86
	EndGlobalSection
	GlobalSection(ProjectConfigurationPlatforms) = postSolution
		{117F3949-51B1-49AB-8FE8-9A96AFA3D0EB}.Debug|x64.ActiveCfg = Debug|x64
		{117F3949-51B1-49AB-8FE8-9A96AFA3D0EB}.Debug|x64.Build.0 = Debug|x64
		{117F3949-51B1-49AB-8FE8-9A96AFA3D0EB}.Debug|x86.ActiveCfg = Debug|Win32
		{117F3949-51B1-49AB-8FE8-9A96AFA3D0EB}.Debug|x86.Build.0 = Debug|Win32
		{117F3949-51B1-49AB-8FE8-9A96AFA3D0EB}.Release|x64.ActiveCfg = Release|x64
		{117F3949-51B1-49AB-8FE8-9A96AFA3D0EB}.Release|x64.Build.0 = Release|x64
		{117F3949-51B1-49AB-8FE8-9A96AFA3D0EB}.Release|x86.ActiveCfg = Release|Win32
		{117F3949-51B1-49AB-8FE8-9A96AFA3D0EB}.Release|x86.Build.0 = Release|Win32
	EndGlobalSection
	GlobalSection(SolutionProperties) = preSolution
		HideSolutionNode = FALSE
	EndGlobalSection
	GlobalSection(ExtensibilityGlobals) = postSolution
		SolutionGuid = {99BD5314-3315-48B5-8CD3-905FF4BDCA5D}
	EndGlobalSection
EndGlobal
