
Microsoft Visual Studio Solution File, Format Version 12.00
# Visual Studio 15
VisualStudioVersion = 15.0.26730.16
MinimumVisualStudioVersion = 10.0.40219.1
Project("{8BC9CEB8-8B4A-11D0-8D11-00A0C91BC942}") = "000_hello_glm", "000_hello_glm.vcxproj", "{81B9E9C2-3F8A-4FA8-A16A-415E98A9AB52}"
EndProject
Global
	GlobalSection(SolutionConfigurationPlatforms) = preSolution
		Debug|x64 = Debug|x64
		Debug|x86 = Debug|x86
		Release|x64 = Release|x64
		Release|x86 = Release|x86
	EndGlobalSection
	GlobalSection(ProjectConfigurationPlatforms) = postSolution
		{81B9E9C2-3F8A-4FA8-A16A-415E98A9AB52}.Debug|x64.ActiveCfg = Debug|x64
		{81B9E9C2-3F8A-4FA8-A16A-415E98A9AB52}.Debug|x64.Build.0 = Debug|x64
		{81B9E9C2-3F8A-4FA8-A16A-415E98A9AB52}.Debug|x86.ActiveCfg = Debug|Win32
		{81B9E9C2-3F8A-4FA8-A16A-415E98A9AB52}.Debug|x86.Build.0 = Debug|Win32
		{81B9E9C2-3F8A-4FA8-A16A-415E98A9AB52}.Release|x64.ActiveCfg = Release|x64
		{81B9E9C2-3F8A-4FA8-A16A-415E98A9AB52}.Release|x64.Build.0 = Release|x64
		{81B9E9C2-3F8A-4FA8-A16A-415E98A9AB52}.Release|x86.ActiveCfg = Release|Win32
		{81B9E9C2-3F8A-4FA8-A16A-415E98A9AB52}.Release|x86.Build.0 = Release|Win32
	EndGlobalSection
	GlobalSection(SolutionProperties) = preSolution
		HideSolutionNode = FALSE
	EndGlobalSection
	GlobalSection(ExtensibilityGlobals) = postSolution
		SolutionGuid = {3D92B33B-4912-4D39-8B6D-C2935D2F5D3D}
	EndGlobalSection
EndGlobal
