
Microsoft Visual Studio Solution File, Format Version 12.00
# Visual Studio 15
VisualStudioVersion = 15.0.26730.16
MinimumVisualStudioVersion = 10.0.40219.1
Project("{8BC9CEB8-8B4A-11D0-8D11-00A0C91BC942}") = "001_matrix_animation", "001_matrix_animation.vcxproj", "{A431FEE5-59BC-43DE-92A8-B67C60EF2E7C}"
EndProject
Global
	GlobalSection(SolutionConfigurationPlatforms) = preSolution
		Debug|x64 = Debug|x64
		Debug|x86 = Debug|x86
		Release|x64 = Release|x64
		Release|x86 = Release|x86
	EndGlobalSection
	GlobalSection(ProjectConfigurationPlatforms) = postSolution
		{A431FEE5-59BC-43DE-92A8-B67C60EF2E7C}.Debug|x64.ActiveCfg = Debug|x64
		{A431FEE5-59BC-43DE-92A8-B67C60EF2E7C}.Debug|x64.Build.0 = Debug|x64
		{A431FEE5-59BC-43DE-92A8-B67C60EF2E7C}.Debug|x86.ActiveCfg = Debug|Win32
		{A431FEE5-59BC-43DE-92A8-B67C60EF2E7C}.Debug|x86.Build.0 = Debug|Win32
		{A431FEE5-59BC-43DE-92A8-B67C60EF2E7C}.Release|x64.ActiveCfg = Release|x64
		{A431FEE5-59BC-43DE-92A8-B67C60EF2E7C}.Release|x64.Build.0 = Release|x64
		{A431FEE5-59BC-43DE-92A8-B67C60EF2E7C}.Release|x86.ActiveCfg = Release|Win32
		{A431FEE5-59BC-43DE-92A8-B67C60EF2E7C}.Release|x86.Build.0 = Release|Win32
	EndGlobalSection
	GlobalSection(SolutionProperties) = preSolution
		HideSolutionNode = FALSE
	EndGlobalSection
	GlobalSection(ExtensibilityGlobals) = postSolution
		SolutionGuid = {AB4AE255-CED8-4873-B316-4C529E9D0DAD}
	EndGlobalSection
EndGlobal
